<Project xmlns="http://schemas.microsoft.com/developer/msbuild/2003">
    <PropertyGroup>
        <ProjectGuid>{7C76B0AE-47B9-42DA-AFA7-34896AE6E035}</ProjectGuid>
        <ProjectVersion>14.3</ProjectVersion>
        <FrameworkType>VCL</FrameworkType>
        <MainSource>Project1.dpr</MainSource>
        <Base>True</Base>
        <Config Condition="'$(Config)'==''">Debug</Config>
        <Platform Condition="'$(Platform)'==''">Win32</Platform>
        <TargetedPlatforms>1</TargetedPlatforms>
        <AppType>Application</AppType>
    </PropertyGroup>
    <PropertyGroup Condition="'$(Config)'=='Base' or '$(Base)'!=''">
        <Base>true</Base>
    </PropertyGroup>
    <PropertyGroup Condition="('$(Platform)'=='Win32' and '$(Base)'=='true') or '$(Base_Win32)'!=''">
        <Base_Win32>true</Base_Win32>
        <CfgParent>Base</CfgParent>
        <Base>true</Base>
    </PropertyGroup>
    <PropertyGroup Condition="('$(Platform)'=='Win64' and '$(Base)'=='true') or '$(Base_Win64)'!=''">
        <Base_Win64>true</Base_Win64>
        <CfgParent>Base</CfgParent>
        <Base>true</Base>
    </PropertyGroup>
    <PropertyGroup Condition="'$(Config)'=='Debug' or '$(Cfg_1)'!=''">
        <Cfg_1>true</Cfg_1>
        <CfgParent>Base</CfgParent>
        <Base>true</Base>
    </PropertyGroup>
    <PropertyGroup Condition="('$(Platform)'=='Win32' and '$(Cfg_1)'=='true') or '$(Cfg_1_Win32)'!=''">
        <Cfg_1_Win32>true</Cfg_1_Win32>
        <CfgParent>Cfg_1</CfgParent>
        <Cfg_1>true</Cfg_1>
        <Base>true</Base>
    </PropertyGroup>
    <PropertyGroup Condition="'$(Config)'=='Release' or '$(Cfg_2)'!=''">
        <Cfg_2>true</Cfg_2>
        <CfgParent>Base</CfgParent>
        <Base>true</Base>
    </PropertyGroup>
    <PropertyGroup Condition="'$(Base)'!=''">
        <DCC_Namespace>System;Xml;Data;Datasnap;Web;Soap;Vcl;Vcl.Imaging;Vcl.Touch;Vcl.Samples;Vcl.Shell;$(DCC_Namespace)</DCC_Namespace>
        <Icon_MainIcon>$(BDS)\bin\delphi_PROJECTICON.ico</Icon_MainIcon>
        <DCC_DcuOutput>.\$(Platform)\$(Config)</DCC_DcuOutput>
        <DCC_ExeOutput>.\$(Platform)\$(Config)</DCC_ExeOutput>
    </PropertyGroup>
    <PropertyGroup Condition="'$(Base_Win32)'!=''">
        <Manifest_File>$(BDS)\bin\default_app.manifest</Manifest_File>
        <VerInfo_Locale>1033</VerInfo_Locale>
        <VerInfo_IncludeVerInfo>true</VerInfo_IncludeVerInfo>
        <DCC_UsePackage>cxPivotGridChartRS17;ACBr_BoletoFR;dxCoreRS17;ACBr_BoletoRL;dxPSDBTeeChartRS17;ACBr_GNRE;ACBr_NFeDanfeFR;dxPSTeeChartRS17;dxPScxSchedulerLnkRS17;DBXInterBaseDriver;DataSnapServer;DataSnapCommon;ACBre_Social;ACBr_BlocoX;dxPScxTLLnkRS17;Rave110VCL;dxRibbonRS17;DbxCommonDriver;cxDataRS17;vclimg;dxPSdxDBTVLnkRS17;dbxcds;ACBr_Comum;vcldb;cxExportRS17;dxPSCoreRS17;dxBarExtItemsRS17;dxGDIPlusRS17;ACBr_SATExtratoESCPOS;dxNavBarRS17;CustomIPTransport;cxLibraryRS17;cxGridRS17;dsnap;IndyIPServer;ACBr_MDFe;IndyCore;CloudService;dxPScxCommonRS17;frxDB17;ACBr_SAT;ACBr_CTeDacteFR;dxWizardControlRS17;dxPScxVGridLnkRS17;ACBr_Ponto;ACBR_DeSTDA;dxPScxExtCommonRS17;fs17;ACBr_SEF2;dxPSdxLCLnkRS17;bindcompfmx;ACBr_PAF;vcldbx;cxSchedulerGridRS17;dbrtl;bindcomp;inetdb;dxBarRS17;ACBr_NFe;DBXOdbcDriver;dxBarDBNavRS17;xmlrtl;ibxpress;dxDockingRS17;vclactnband;bindengine;soaprtl;dxADOServerModeRS17;fsADO17;bindcompvcl;ACBr_BPe;dxBarExtDBItemsRS17;dxPSPrVwRibbonRS17;vclie;cxPageControlRS17;ACBr_TEFD;ACBr_Integrador;dxSpreadSheetRS17;cxSchedulerRibbonStyleEventEditorRS17;dxmdsRS17;DBXInformixDriver;Intraweb;cxSchedulerTreeBrowserRS17;dxPsPrVwAdvRS17;ACBr_SATExtratoRL;ZipMasterR;dxdborRS17;dsnapcon;DBXFirebirdDriver;inet;fsDB17;ACBr_SATExtratoFR;vclx;ACBr_SPEDImportar;cxEditorsRS17;DBXSybaseASADriver;dbexpress;IndyIPClient;ACBr_Convenio115;cxTreeListdxBarPopupMenuRS17;office2K;ZComponent;dxThemeRS17;DBXSqliteDriver;dxPScxGridLnkRS17;fmx;ACBr_Diversos;IndySystem;TeeDB;vclib;inetdbbde;DataSnapClient;ACBr_NFeDanfeESCPOS;dxPSdxSpreadSheetLnkRS17;QR5RunDXE3;DataSnapProviderClient;DBXSybaseASEDriver;cxBarEditItemRS17;ACBr_MDFeDamdfeFR;dxServerModeRS17;cxPivotGridOLAPRS17;RtmRxBDE170;cxSchedulerRS17;MetropolisUILiveTile;ACBr_NFSeDanfseFR;dxPSLnksRS17;ACBr_BPeDabpeESCPOS;dxPSdxDBOCLnkRS17;cxVerticalGridRS17;fsBDE17;vcldsnap;DBXDb2Driver;frce;DBXOracleDriver;ACBr_Serial;vclribbon;ACBr_SPED;fmxase;vcl;IndyIPCommon;DBXMSSQLDriver;dxPSdxOCLnkRS17;ACBr_Boleto;ACBr_Sintegra;inetdbxpress;webdsnap;ACBr_NFSe;ACBr_LFD;adortl;ACBr_TCP;RtmRxCtl170;frx17;dxtrmdRS17;ZDbc;rtl;DbxClientDriver;FreeBoleto_D12;dxTabbedMDIRS17;dxComnRS17;ZPlain;ACBr_MTER;dxdbtrRS17;Tee;ACBr_CTe;ACBr_ANe;ACBr_NFCeECFVirtual;svnui;dxorgcRS17;ACBr_NFeDanfeRL;IndyProtocols;DBXMySQLDriver;dxLayoutControlRS17;bindcompdbx;dxPScxPivotGridLnkRS17;ACBr_OpenSSL;dxSpellCheckerRS17;ZCore;vcltouch;ACBr_Reinf;websnap;dxTileControlRS17;ACBr_SATWS;VclSmp;cxPivotGridRS17;DataSnapConnectors;ACBr_SATECFVirtual;fmxobj;cxTreeListRS17;dxPSdxFCLnkRS17;ZParseSql;frxe17;svn;dxFlowChartRS17;fmxdae;dxMapControlRS17;bdertl;RtmRxDB170;DataSnapIndy10ServerTransport;dxDBXServerModeRS17;$(DCC_UsePackage)</DCC_UsePackage>
        <VerInfo_Keys>CompanyName=;FileDescription=;FileVersion=1.0.0.0;InternalName=;LegalCopyright=;LegalTrademarks=;OriginalFilename=;ProductName=;ProductVersion=1.0.0.0;Comments=</VerInfo_Keys>
        <DCC_Namespace>Winapi;System.Win;Data.Win;Datasnap.Win;Web.Win;Soap.Win;Xml.Win;Bde;$(DCC_Namespace)</DCC_Namespace>
    </PropertyGroup>
    <PropertyGroup Condition="'$(Base_Win64)'!=''">
        <DCC_UsePackage>dxPSDBTeeChartRS17;dxPSTeeChartRS17;dxPScxSchedulerLnkRS17;DBXInterBaseDriver;DataSnapServer;DataSnapCommon;dxPScxTLLnkRS17;DbxCommonDriver;cxDataRS17;vclimg;dxPSdxDBTVLnkRS17;dbxcds;vcldb;dxGDIPlusRS17;CustomIPTransport;dsnap;IndyIPServer;IndyCore;dxPScxCommonRS17;dxPScxVGridLnkRS17;dxPScxExtCommonRS17;dxPSdxLCLnkRS17;bindcompfmx;dbrtl;bindcomp;inetdb;DBXOdbcDriver;xmlrtl;ibxpress;vclactnband;bindengine;soaprtl;dxADOServerModeRS17;bindcompvcl;vclie;cxPageControlRS17;dxmdsRS17;DBXInformixDriver;dsnapcon;DBXFirebirdDriver;inet;vclx;DBXSybaseASADriver;dbexpress;IndyIPClient;office2K;ZComponent;dxThemeRS17;DBXSqliteDriver;dxPScxGridLnkRS17;fmx;IndySystem;TeeDB;vclib;DataSnapClient;DataSnapProviderClient;DBXSybaseASEDriver;dxServerModeRS17;MetropolisUILiveTile;dxPSdxDBOCLnkRS17;vcldsnap;DBXDb2Driver;DBXOracleDriver;fmxase;vcl;IndyIPCommon;DBXMSSQLDriver;dxPSdxOCLnkRS17;inetdbxpress;webdsnap;adortl;ZDbc;rtl;DbxClientDriver;dxComnRS17;ZPlain;Tee;IndyProtocols;DBXMySQLDriver;bindcompdbx;dxPScxPivotGridLnkRS17;ZCore;vcltouch;websnap;VclSmp;DataSnapConnectors;fmxobj;ZParseSql;fmxdae;DataSnapIndy10ServerTransport;dxDBXServerModeRS17;$(DCC_UsePackage)</DCC_UsePackage>
    </PropertyGroup>
    <PropertyGroup Condition="'$(Cfg_1)'!=''">
        <DCC_Define>DEBUG;$(DCC_Define)</DCC_Define>
        <DCC_DebugDCUs>true</DCC_DebugDCUs>
        <DCC_Optimize>false</DCC_Optimize>
        <DCC_GenerateStackFrames>true</DCC_GenerateStackFrames>
        <DCC_DebugInfoInExe>true</DCC_DebugInfoInExe>
        <DCC_RemoteDebug>true</DCC_RemoteDebug>
    </PropertyGroup>
    <PropertyGroup Condition="'$(Cfg_1_Win32)'!=''">
        <VerInfo_IncludeVerInfo>true</VerInfo_IncludeVerInfo>
        <DCC_UnitSearchPath>C:\Users\DELPHI\Desktop\Softsig\dms\Componentes\SuperObject;$(DCC_UnitSearchPath)</DCC_UnitSearchPath>
        <VerInfo_Locale>1033</VerInfo_Locale>
        <DCC_RemoteDebug>false</DCC_RemoteDebug>
    </PropertyGroup>
    <PropertyGroup Condition="'$(Cfg_2)'!=''">
        <DCC_LocalDebugSymbols>false</DCC_LocalDebugSymbols>
        <DCC_Define>RELEASE;$(DCC_Define)</DCC_Define>
        <DCC_SymbolReferenceInfo>0</DCC_SymbolReferenceInfo>
        <DCC_DebugInformation>false</DCC_DebugInformation>
    </PropertyGroup>
    <ItemGroup>
        <DelphiCompile Include="$(MainSource)">
            <MainSource>MainSource</MainSource>
        </DelphiCompile>
        <DCCReference Include="Unit3.pas">
            <Form>Form3</Form>
            <FormType>dfm</FormType>
        </DCCReference>
        <DCCReference Include="UNotaFiscal.pas"/>
        <BuildConfiguration Include="Release">
            <Key>Cfg_2</Key>
            <CfgParent>Base</CfgParent>
        </BuildConfiguration>
        <BuildConfiguration Include="Base">
            <Key>Base</Key>
        </BuildConfiguration>
        <BuildConfiguration Include="Debug">
            <Key>Cfg_1</Key>
            <CfgParent>Base</CfgParent>
        </BuildConfiguration>
    </ItemGroup>
    <ProjectExtensions>
        <Borland.Personality>Delphi.Personality.12</Borland.Personality>
        <Borland.ProjectType/>
        <BorlandProject>
            <Delphi.Personality>
                <VersionInfo>
                    <VersionInfo Name="IncludeVerInfo">False</VersionInfo>
                    <VersionInfo Name="AutoIncBuild">False</VersionInfo>
                    <VersionInfo Name="MajorVer">1</VersionInfo>
                    <VersionInfo Name="MinorVer">0</VersionInfo>
                    <VersionInfo Name="Release">0</VersionInfo>
                    <VersionInfo Name="Build">0</VersionInfo>
                    <VersionInfo Name="Debug">False</VersionInfo>
                    <VersionInfo Name="PreRelease">False</VersionInfo>
                    <VersionInfo Name="Special">False</VersionInfo>
                    <VersionInfo Name="Private">False</VersionInfo>
                    <VersionInfo Name="DLL">False</VersionInfo>
                    <VersionInfo Name="Locale">1046</VersionInfo>
                    <VersionInfo Name="CodePage">1252</VersionInfo>
                </VersionInfo>
                <VersionInfoKeys>
                    <VersionInfoKeys Name="CompanyName"/>
                    <VersionInfoKeys Name="FileDescription"/>
                    <VersionInfoKeys Name="FileVersion">1.0.0.0</VersionInfoKeys>
                    <VersionInfoKeys Name="InternalName"/>
                    <VersionInfoKeys Name="LegalCopyright"/>
                    <VersionInfoKeys Name="LegalTrademarks"/>
                    <VersionInfoKeys Name="OriginalFilename"/>
                    <VersionInfoKeys Name="ProductName"/>
                    <VersionInfoKeys Name="ProductVersion">1.0.0.0</VersionInfoKeys>
                    <VersionInfoKeys Name="Comments"/>
                    <VersionInfoKeys Name="CFBundleName"/>
                    <VersionInfoKeys Name="CFBundleDisplayName"/>
                    <VersionInfoKeys Name="CFBundleIdentifier"/>
                    <VersionInfoKeys Name="CFBundleVersion"/>
                    <VersionInfoKeys Name="CFBundlePackageType"/>
                    <VersionInfoKeys Name="CFBundleSignature"/>
                    <VersionInfoKeys Name="CFBundleAllowMixedLocalizations"/>
                    <VersionInfoKeys Name="CFBundleExecutable"/>
                </VersionInfoKeys>
                <Source>
                    <Source Name="MainSource">Project1.dpr</Source>
                </Source>
            </Delphi.Personality>
            <Deployment/>
            <Platforms>
                <Platform value="Win32">True</Platform>
                <Platform value="Win64">False</Platform>
            </Platforms>
        </BorlandProject>
        <ProjectFileVersion>12</ProjectFileVersion>
    </ProjectExtensions>
    <Import Project="$(BDS)\Bin\CodeGear.Delphi.Targets" Condition="Exists('$(BDS)\Bin\CodeGear.Delphi.Targets')"/>
    <Import Project="$(APPDATA)\Embarcadero\$(BDSAPPDATABASEDIR)\$(PRODUCTVERSION)\UserTools.proj" Condition="Exists('$(APPDATA)\Embarcadero\$(BDSAPPDATABASEDIR)\$(PRODUCTVERSION)\UserTools.proj')"/>
</Project>
