<Project xmlns="http://schemas.microsoft.com/developer/msbuild/2003">
    <PropertyGroup>
        <ProjectGuid>{46DBA62D-4453-4810-BCEE-2AE10C2DBB9F}</ProjectGuid>
        <ProjectVersion>14.3</ProjectVersion>
        <FrameworkType>VCL</FrameworkType>
        <MainSource>Project1.dpr</MainSource>
        <Base>True</Base>
        <Config Condition="'$(Config)'==''">Debug</Config>
        <Platform Condition="'$(Platform)'==''">Win32</Platform>
        <TargetedPlatforms>1</TargetedPlatforms>
        <AppType>Application</AppType>
    </PropertyGroup>
    <PropertyGroup Condition="'$(Config)'=='Base' or '$(Base)'!=''">
        <Base>true</Base>
    </PropertyGroup>
    <PropertyGroup Condition="('$(Platform)'=='Win32' and '$(Base)'=='true') or '$(Base_Win32)'!=''">
        <Base_Win32>true</Base_Win32>
        <CfgParent>Base</CfgParent>
        <Base>true</Base>
    </PropertyGroup>
    <PropertyGroup Condition="('$(Platform)'=='Win64' and '$(Base)'=='true') or '$(Base_Win64)'!=''">
        <Base_Win64>true</Base_Win64>
        <CfgParent>Base</CfgParent>
        <Base>true</Base>
    </PropertyGroup>
    <PropertyGroup Condition="'$(Config)'=='Debug' or '$(Cfg_1)'!=''">
        <Cfg_1>true</Cfg_1>
        <CfgParent>Base</CfgParent>
        <Base>true</Base>
    </PropertyGroup>
    <PropertyGroup Condition="('$(Platform)'=='Win32' and '$(Cfg_1)'=='true') or '$(Cfg_1_Win32)'!=''">
        <Cfg_1_Win32>true</Cfg_1_Win32>
        <CfgParent>Cfg_1</CfgParent>
        <Cfg_1>true</Cfg_1>
        <Base>true</Base>
    </PropertyGroup>
    <PropertyGroup Condition="'$(Config)'=='Release' or '$(Cfg_2)'!=''">
        <Cfg_2>true</Cfg_2>
        <CfgParent>Base</CfgParent>
        <Base>true</Base>
    </PropertyGroup>
    <PropertyGroup Condition="('$(Platform)'=='Win32' and '$(Cfg_2)'=='true') or '$(Cfg_2_Win32)'!=''">
        <Cfg_2_Win32>true</Cfg_2_Win32>
        <CfgParent>Cfg_2</CfgParent>
        <Cfg_2>true</Cfg_2>
        <Base>true</Base>
    </PropertyGroup>
    <PropertyGroup Condition="'$(Base)'!=''">
        <Manifest_File>None</Manifest_File>
        <VerInfo_Locale>1046</VerInfo_Locale>
        <DCC_Namespace>vcl;System;Data;Soap;vcl.samples;Vcl.Imaging;Winapi;XML;Vcl.Shell;$(DCC_Namespace)</DCC_Namespace>
        <VerInfo_Keys>CompanyName=;FileDescription=;FileVersion=1.0.0.0;InternalName=;LegalCopyright=;LegalTrademarks=;OriginalFilename=;ProductName=;ProductVersion=1.0.0.0;Comments=</VerInfo_Keys>
        <Icon_MainIcon>$(BDS)\bin\delphi_PROJECTICON.ico</Icon_MainIcon>
        <DCC_DcuOutput>.\$(Platform)\$(Config)</DCC_DcuOutput>
        <DCC_ExeOutput>.\$(Platform)\$(Config)</DCC_ExeOutput>
    </PropertyGroup>
    <PropertyGroup Condition="'$(Base_Win32)'!=''">
        <DCC_UsePackage>cxPivotGridChartRS17;dxDBXServerModeRS17;dxSkinOffice2013WhiteRS17;dxSkinSevenRS17;dxSkinBlueprintRS17;dxSkinHighContrastRS17;ACBr_BoletoFR;dxSkinOffice2007BlackRS17;dxCoreRS17;ACBr_BoletoRL;dxSkinXmas2008BlueRS17;dxPSDBTeeChartRS17;ACBr_GNRE;ACBr_NFeDanfeFR;dxPSTeeChartRS17;dxSkinMetropolisRS17;dxPScxSchedulerLnkRS17;dxSkinBlueRS17;dxSkinDarkRoomRS17;dxSkinSummer2008RS17;DBXInterBaseDriver;DataSnapServer;DataSnapCommon;ACBre_Social;dxPScxTLLnkRS17;ACBr_BlocoX;Rave110VCL;dxRibbonRS17;DbxCommonDriver;cxDataRS17;vclimg;dxPSdxDBTVLnkRS17;dxSkinsdxBarPainterRS17;dbxcds;ACBr_Comum;dxSkinMoneyTwinsRS17;vcldb;cxExportRS17;dxPSCoreRS17;dxBarExtItemsRS17;dxGDIPlusRS17;ACBr_SATExtratoESCPOS;dxNavBarRS17;CustomIPTransport;cxLibraryRS17;cxGridRS17;dxSkinOffice2010BlackRS17;dsnap;IndyIPServer;ACBr_MDFe;IndyCore;dxSkinMcSkinRS17;dxPScxCommonRS17;CloudService;dxSkinsdxDLPainterRS17;dxSkiniMaginaryRS17;FmxTeeUI;ACBr_SAT;gradientt;ACBr_CTeDacteFR;dxWizardControlRS17;dxPScxVGridLnkRS17;ACBr_Ponto;ACBR_DeSTDA;dxSkinSevenClassicRS17;dxPScxExtCommonRS17;dxSkinLilianRS17;fs17;ACBr_SEF2;dxPSdxLCLnkRS17;dxSkinOffice2010BlueRS17;bindcompfmx;dxSkinOffice2010SilverRS17;ACBr_PAF;dxSkinOffice2013LightGrayRS17;vcldbx;cxSchedulerGridRS17;dbrtl;bindcomp;inetdb;dxBarRS17;ACBr_NFe;DBXOdbcDriver;dxBarDBNavRS17;dxSkinWhiteprintRS17;xmlrtl;dxSkinsdxRibbonPainterRS17;ibxpress;dxDockingRS17;vclactnband;bindengine;soaprtl;FMXTee;dxADOServerModeRS17;bindcompvcl;dxBarExtDBItemsRS17;dxPSPrVwRibbonRS17;dxSkinOffice2007PinkRS17;vclie;dxSkinOffice2013DarkGrayRS17;ACBr_BPe;cxPageControlRS17;dxSkinscxPCPainterRS17;dxSpreadSheetRS17;ACBr_Integrador;ACBr_TEFD;cxSchedulerRibbonStyleEventEditorRS17;dxmdsRS17;dxSkinTheAsphaltWorldRS17;DBXInformixDriver;Intraweb;cxSchedulerTreeBrowserRS17;dxPsPrVwAdvRS17;ZipMasterR;ACBr_SATExtratoRL;dxSkinSilverRS17;dxdborRS17;dsnapcon;DBXFirebirdDriver;msn;inet;fsDB17;ACBr_SATExtratoFR;vclx;ACBr_SPEDImportar;dxSkinStardustRS17;cxEditorsRS17;DBXSybaseASADriver;dbexpress;IndyIPClient;ACBr_Convenio115;cxTreeListdxBarPopupMenuRS17;dxSkinVS2010RS17;office2K;ZComponent;dxThemeRS17;DBXSqliteDriver;dxPScxGridLnkRS17;fmx;ACBr_Diversos;IndySystem;TeeDB;dxSkinValentineRS17;vclib;inetdbbde;DataSnapClient;dxSkinDevExpressStyleRS17;ACBr_NFeDanfeESCPOS;dxPSdxSpreadSheetLnkRS17;QR5RunDXE3;DataSnapProviderClient;DBXSybaseASEDriver;cxBarEditItemRS17;ACBr_MDFeDamdfeFR;dxServerModeRS17;RtmRxBDE170;cxPivotGridOLAPRS17;cxSchedulerRS17;MetropolisUILiveTile;dxSkinPumpkinRS17;dxPSLnksRS17;ACBr_BPeDabpeESCPOS;dxPSdxDBOCLnkRS17;cxVerticalGridRS17;ACBr_NFSeDanfseFR;dxSkinSpringTimeRS17;vcldsnap;dxSkinDevExpressDarkStyleRS17;DBXDb2Driver;frce;DBXOracleDriver;dxSkinLiquidSkyRS17;ACBr_Serial;vclribbon;ACBr_SPED;fmxase;vcl;dxSkinOffice2007SilverRS17;IndyIPCommon;DBXMSSQLDriver;CodeSiteExpressPkg;dxPSdxOCLnkRS17;dxSkinMetropolisDarkRS17;ACBr_Boleto;ACBr_Sintegra;inetdbxpress;webdsnap;ACBr_NFSe;ACBr_LFD;dxSkinCoffeeRS17;adortl;dxSkinscxSchedulerPainterRS17;ACBr_TCP;RtmRxCtl170;frx17;dxtrmdRS17;dxPScxPCProdRS17;ZDbc;rtl;DbxClientDriver;dxTabbedMDIRS17;dxSkinSharpPlusRS17;dxComnRS17;ZPlain;dxSkinsCoreRS17;dxSkinLondonLiquidSkyRS17;dxdbtrRS17;Tee;FreeBoleto_D12;ACBr_MTER;ACBr_CTe;ACBr_ANe;dxSkinBlackRS17;dxorgcRS17;svnui;ACBr_NFCeECFVirtual;ACBr_NFeDanfeRL;IndyProtocols;DBXMySQLDriver;dxLayoutControlRS17;bindcompdbx;TeeUI;dxSkinOffice2007BlueRS17;dxPScxPivotGridLnkRS17;dxSpellCheckerRS17;ACBr_OpenSSL;ZCore;vcltouch;dxSkinOffice2007GreenRS17;dxSkinSharpRS17;websnap;ACBr_Reinf;dxSkinFoggyRS17;dxTileControlRS17;ACBr_SATWS;VclSmp;dxSkinDarkSideRS17;cxPivotGridRS17;DataSnapConnectors;ACBr_SATECFVirtual;fmxobj;cxTreeListRS17;dxSkinGlassOceansRS17;dxPSdxFCLnkRS17;ZParseSql;frxe17;svn;dxFlowChartRS17;fmxdae;dxMapControlRS17;bdertl;dxSkinsdxNavBarPainterRS17;DataSnapIndy10ServerTransport;RtmRxDB170;dxSkinCaramelRS17;$(DCC_UsePackage)</DCC_UsePackage>
        <VerInfo_Locale>1033</VerInfo_Locale>
        <Manifest_File>$(BDS)\bin\default_app.manifest</Manifest_File>
        <DCC_Namespace>System.Win;Data.Win;Datasnap.Win;Web.Win;Soap.Win;Xml.Win;Bde;$(DCC_Namespace)</DCC_Namespace>
        <VerInfo_IncludeVerInfo>true</VerInfo_IncludeVerInfo>
        <VerInfo_Keys>CompanyName=;FileDescription=;FileVersion=1.0.0.0;InternalName=;LegalCopyright=;LegalTrademarks=;OriginalFilename=;ProductName=;ProductVersion=1.0.0.0;Comments=</VerInfo_Keys>
    </PropertyGroup>
    <PropertyGroup Condition="'$(Base_Win64)'!=''">
        <DCC_UsePackage>dxDBXServerModeRS17;dxSkinOffice2013WhiteRS17;dxSkinSevenRS17;dxSkinBlueprintRS17;dxSkinHighContrastRS17;dxSkinOffice2007BlackRS17;dxSkinXmas2008BlueRS17;dxPSDBTeeChartRS17;dxPSTeeChartRS17;dxSkinMetropolisRS17;dxPScxSchedulerLnkRS17;dxSkinBlueRS17;dxSkinDarkRoomRS17;dxSkinSummer2008RS17;DBXInterBaseDriver;DataSnapServer;DataSnapCommon;dxPScxTLLnkRS17;DbxCommonDriver;cxDataRS17;vclimg;dxPSdxDBTVLnkRS17;dxSkinsdxBarPainterRS17;dbxcds;dxSkinMoneyTwinsRS17;vcldb;dxGDIPlusRS17;CustomIPTransport;dxSkinOffice2010BlackRS17;dsnap;IndyIPServer;IndyCore;dxSkinMcSkinRS17;dxPScxCommonRS17;dxSkinsdxDLPainterRS17;dxSkiniMaginaryRS17;dxPScxVGridLnkRS17;dxSkinSevenClassicRS17;dxPScxExtCommonRS17;dxSkinLilianRS17;dxPSdxLCLnkRS17;dxSkinOffice2010BlueRS17;bindcompfmx;dxSkinOffice2010SilverRS17;dxSkinOffice2013LightGrayRS17;dbrtl;bindcomp;inetdb;DBXOdbcDriver;dxSkinWhiteprintRS17;xmlrtl;dxSkinsdxRibbonPainterRS17;ibxpress;vclactnband;bindengine;soaprtl;dxADOServerModeRS17;bindcompvcl;dxSkinOffice2007PinkRS17;vclie;dxSkinOffice2013DarkGrayRS17;cxPageControlRS17;dxSkinscxPCPainterRS17;dxmdsRS17;dxSkinTheAsphaltWorldRS17;DBXInformixDriver;dxSkinSilverRS17;dsnapcon;DBXFirebirdDriver;inet;vclx;dxSkinStardustRS17;DBXSybaseASADriver;dbexpress;IndyIPClient;dxSkinVS2010RS17;dxThemeRS17;DBXSqliteDriver;dxPScxGridLnkRS17;fmx;IndySystem;TeeDB;dxSkinValentineRS17;vclib;DataSnapClient;dxSkinDevExpressStyleRS17;DataSnapProviderClient;DBXSybaseASEDriver;dxServerModeRS17;dxSkinPumpkinRS17;dxPSdxDBOCLnkRS17;dxSkinSpringTimeRS17;vcldsnap;dxSkinDevExpressDarkStyleRS17;DBXDb2Driver;DBXOracleDriver;dxSkinLiquidSkyRS17;fmxase;vcl;dxSkinOffice2007SilverRS17;IndyIPCommon;DBXMSSQLDriver;dxPSdxOCLnkRS17;dxSkinMetropolisDarkRS17;inetdbxpress;webdsnap;dxSkinCoffeeRS17;adortl;dxSkinscxSchedulerPainterRS17;rtl;DbxClientDriver;dxSkinSharpPlusRS17;dxComnRS17;dxSkinsCoreRS17;dxSkinLondonLiquidSkyRS17;Tee;dxSkinBlackRS17;IndyProtocols;DBXMySQLDriver;bindcompdbx;TeeUI;dxSkinOffice2007BlueRS17;dxPScxPivotGridLnkRS17;vcltouch;dxSkinOffice2007GreenRS17;dxSkinSharpRS17;websnap;dxSkinFoggyRS17;VclSmp;dxSkinDarkSideRS17;DataSnapConnectors;fmxobj;dxSkinGlassOceansRS17;fmxdae;dxSkinsdxNavBarPainterRS17;DataSnapIndy10ServerTransport;dxSkinCaramelRS17;$(DCC_UsePackage)</DCC_UsePackage>
    </PropertyGroup>
    <PropertyGroup Condition="'$(Cfg_1)'!=''">
        <DCC_Define>DEBUG;$(DCC_Define)</DCC_Define>
        <DCC_DebugDCUs>true</DCC_DebugDCUs>
        <DCC_Optimize>false</DCC_Optimize>
        <DCC_GenerateStackFrames>true</DCC_GenerateStackFrames>
        <DCC_DebugInfoInExe>true</DCC_DebugInfoInExe>
        <DCC_RemoteDebug>true</DCC_RemoteDebug>
    </PropertyGroup>
    <PropertyGroup Condition="'$(Cfg_1_Win32)'!=''">
        <Manifest_File>$(BDS)\bin\default_app.manifest</Manifest_File>
        <DCC_DcpOutput>C:\SoftSig\dms\dmscontroller\SAT\DCU</DCC_DcpOutput>
        <DCC_DcuOutput>C:\SoftSig\dms\dmscontroller\SAT\DCU</DCC_DcuOutput>
        <DCC_BplOutput>C:\SoftSig\dms\dmscontroller\SAT\DCU</DCC_BplOutput>
        <DCC_UnitSearchPath>C:\Users\DELPHI\Desktop\componentes\FastMM4-master;C:\Users\DELPHI\Desktop\SoftSig\dms\Softsig_branches\dmscontroller\QuickReport_Alterados;$(DCC_UnitSearchPath)</DCC_UnitSearchPath>
        <VerInfo_Locale>1033</VerInfo_Locale>
        <DCC_ExeOutput>C:\SoftSig\dms\dmscontroller\SAT</DCC_ExeOutput>
        <VerInfo_IncludeVerInfo>true</VerInfo_IncludeVerInfo>
        <DCC_Define>FullDebugMode;LogMemoryLeakDetailToFile;$(DCC_Define)</DCC_Define>
        <DCC_MapFile>3</DCC_MapFile>
        <DCC_GenerateStackFrames>false</DCC_GenerateStackFrames>
        <DCC_RemoteDebug>false</DCC_RemoteDebug>
    </PropertyGroup>
    <PropertyGroup Condition="'$(Cfg_2)'!=''">
        <DCC_LocalDebugSymbols>false</DCC_LocalDebugSymbols>
        <DCC_Define>RELEASE;$(DCC_Define)</DCC_Define>
        <DCC_SymbolReferenceInfo>0</DCC_SymbolReferenceInfo>
        <DCC_DebugInformation>false</DCC_DebugInformation>
    </PropertyGroup>
    <PropertyGroup Condition="'$(Cfg_2_Win32)'!=''">
        <VerInfo_Locale>1033</VerInfo_Locale>
        <Manifest_File>$(BDS)\bin\default_app.manifest</Manifest_File>
        <VerInfo_IncludeVerInfo>true</VerInfo_IncludeVerInfo>
    </PropertyGroup>
    <ItemGroup>
        <DelphiCompile Include="$(MainSource)">
            <MainSource>MainSource</MainSource>
        </DelphiCompile>
        <DCCReference Include="C:\Users\DELPHI\Desktop\componentes\FastMM4-master\FastMM4.pas"/>
        <DCCReference Include="C:\Users\DELPHI\Desktop\SoftSig\dms\Softsig_branches\dmscontroller\unit_DataModule.pas">
            <Form>dm</Form>
            <DesignClass>TDataModule</DesignClass>
        </DCCReference>
        <DCCReference Include="C:\Users\DELPHI\Desktop\SoftSig\dms\Softsig_branches\dmscontroller\uDmFiscal.pas">
            <Form>dmFiscal</Form>
            <DesignClass>TDataModule</DesignClass>
        </DCCReference>
        <DCCReference Include="C:\Users\DELPHI\Desktop\SoftSig\dms\Softsig_branches\dmscontroller\uFrmEnvioSAT.pas">
            <Form>frmEnvioSAT</Form>
        </DCCReference>
        <DCCReference Include="C:\Users\DELPHI\Desktop\SoftSig\dms\Softsig_branches\dmscontroller\geral\unit_consts.pas"/>
        <DCCReference Include="C:\Users\DELPHI\Desktop\SoftSig\dms\Softsig_branches\dmscontroller\unFrmProgresso.pas">
            <Form>frmProgresso</Form>
        </DCCReference>
        <DCCReference Include="C:\Users\DELPHI\Desktop\SoftSig\dms\Softsig_branches\dmscontroller\sistema\unit_classes.pas"/>
        <DCCReference Include="C:\Users\DELPHI\Desktop\SoftSig\dms\Softsig_branches\dmscontroller\sistema\unit_rotinas.pas"/>
        <DCCReference Include="C:\Users\DELPHI\Desktop\SoftSig\dms\Softsig_branches\dmscontroller\sistema\unit_tiposdados.pas"/>
        <DCCReference Include="C:\Users\DELPHI\Desktop\SoftSig\dms\Softsig_branches\dmscontroller\FrameWork\unit_funcoes_gerais.pas"/>
        <DCCReference Include="C:\Users\DELPHI\Desktop\SoftSig\dms\Softsig_branches\dmscontroller\uClasse_XMLSat.pas"/>
        <DCCReference Include="C:\Users\DELPHI\Desktop\SoftSig\dms\Softsig_branches\dmscontroller\sistema\unit_Registro.pas"/>
        <DCCReference Include="C:\Users\DELPHI\Desktop\SoftSig\dms\Softsig_branches\dmscontroller\unFrmPesquisaPadrao.pas">
            <Form>frmPesquisaPadrao</Form>
        </DCCReference>
        <DCCReference Include="C:\Users\DELPHI\Desktop\SoftSig\dms\Softsig_branches\dmscontroller\geral\uPadrao.pas">
            <Form>frmPadraoCadastro</Form>
        </DCCReference>
        <BuildConfiguration Include="Release">
            <Key>Cfg_2</Key>
            <CfgParent>Base</CfgParent>
        </BuildConfiguration>
        <BuildConfiguration Include="Base">
            <Key>Base</Key>
        </BuildConfiguration>
        <BuildConfiguration Include="Debug">
            <Key>Cfg_1</Key>
            <CfgParent>Base</CfgParent>
        </BuildConfiguration>
    </ItemGroup>
    <ProjectExtensions>
        <Borland.Personality>Delphi.Personality.12</Borland.Personality>
        <Borland.ProjectType/>
        <BorlandProject>
            <Delphi.Personality>
                <VersionInfo>
                    <VersionInfo Name="IncludeVerInfo">False</VersionInfo>
                    <VersionInfo Name="AutoIncBuild">False</VersionInfo>
                    <VersionInfo Name="MajorVer">1</VersionInfo>
                    <VersionInfo Name="MinorVer">0</VersionInfo>
                    <VersionInfo Name="Release">0</VersionInfo>
                    <VersionInfo Name="Build">0</VersionInfo>
                    <VersionInfo Name="Debug">False</VersionInfo>
                    <VersionInfo Name="PreRelease">False</VersionInfo>
                    <VersionInfo Name="Special">False</VersionInfo>
                    <VersionInfo Name="Private">False</VersionInfo>
                    <VersionInfo Name="DLL">False</VersionInfo>
                    <VersionInfo Name="Locale">1046</VersionInfo>
                    <VersionInfo Name="CodePage">1252</VersionInfo>
                </VersionInfo>
                <VersionInfoKeys>
                    <VersionInfoKeys Name="CompanyName"/>
                    <VersionInfoKeys Name="FileDescription"/>
                    <VersionInfoKeys Name="FileVersion">1.0.0.0</VersionInfoKeys>
                    <VersionInfoKeys Name="InternalName"/>
                    <VersionInfoKeys Name="LegalCopyright"/>
                    <VersionInfoKeys Name="LegalTrademarks"/>
                    <VersionInfoKeys Name="OriginalFilename"/>
                    <VersionInfoKeys Name="ProductName"/>
                    <VersionInfoKeys Name="ProductVersion">1.0.0.0</VersionInfoKeys>
                    <VersionInfoKeys Name="Comments"/>
                    <VersionInfoKeys Name="CFBundleName"/>
                    <VersionInfoKeys Name="CFBundleDisplayName"/>
                    <VersionInfoKeys Name="CFBundleIdentifier"/>
                    <VersionInfoKeys Name="CFBundleVersion"/>
                    <VersionInfoKeys Name="CFBundlePackageType"/>
                    <VersionInfoKeys Name="CFBundleSignature"/>
                    <VersionInfoKeys Name="CFBundleAllowMixedLocalizations"/>
                    <VersionInfoKeys Name="CFBundleExecutable"/>
                </VersionInfoKeys>
                <Excluded_Packages>
                    <Excluded_Packages Name="$(BDSBIN)\dclofficexp170.bpl">Microsoft Office XP Sample Automation Server Wrapper Components</Excluded_Packages>
                </Excluded_Packages>
                <Source>
                    <Source Name="MainSource">Project1.dpr</Source>
                </Source>
            </Delphi.Personality>
            <Deployment/>
            <Platforms>
                <Platform value="Win32">True</Platform>
                <Platform value="Win64">False</Platform>
            </Platforms>
        </BorlandProject>
        <ProjectFileVersion>12</ProjectFileVersion>
    </ProjectExtensions>
    <Import Project="$(BDS)\Bin\CodeGear.Delphi.Targets" Condition="Exists('$(BDS)\Bin\CodeGear.Delphi.Targets')"/>
    <Import Project="$(APPDATA)\Embarcadero\$(BDSAPPDATABASEDIR)\$(PRODUCTVERSION)\UserTools.proj" Condition="Exists('$(APPDATA)\Embarcadero\$(BDSAPPDATABASEDIR)\$(PRODUCTVERSION)\UserTools.proj')"/>
</Project>
